// !$*UTF8*$!
{
	archiveVersion = 1;
	classes = {
	};
	objectVersion = 48;
	objects = {

/* Begin PBXBuildFile section */
		4D09CBC71F8B29A300C09BA6 /* test.plist in Resources */ = {isa = PBXBuildFile; fileRef = 4D09CBC61F8B29A300C09BA6 /* test.plist */; };
		4D09CBCC1F8B61B100C09BA6 /* Appearance.bundle in Resources */ = {isa = PBXBuildFile; fileRef = 4D09CBCB1F8B61B100C09BA6 /* Appearance.bundle */; };
		4D21802A1F75055B00B84D53 /* UINavigationController+FDFullscreenPopGesture.m in Sources */ = {isa = PBXBuildFile; fileRef = 4D2180281F75055B00B84D53 /* UINavigationController+FDFullscreenPopGesture.m */; };
		4D21802E1F789C5600B84D53 /* MXTestVC1.m in Sources */ = {isa = PBXBuildFile; fileRef = 4D21802D1F789C5600B84D53 /* MXTestVC1.m */; };
		4D2180621F78AC9A00B84D53 /* MXAppearanceManager+UICommon.m in Sources */ = {isa = PBXBuildFile; fileRef = 4D2180321F78A69A00B84D53 /* MXAppearanceManager+UICommon.m */; };
		4D2180631F78AC9A00B84D53 /* MXAppearanceManager.m in Sources */ = {isa = PBXBuildFile; fileRef = 4D2180341F78A69A00B84D53 /* MXAppearanceManager.m */; };
		4D2180641F78AC9A00B84D53 /* MXNavigationBarConfig.m in Sources */ = {isa = PBXBuildFile; fileRef = 4D2180361F78A69A00B84D53 /* MXNavigationBarConfig.m */; };
		4D2180651F78AC9A00B84D53 /* MXTabBarConfig.m in Sources */ = {isa = PBXBuildFile; fileRef = 4D2180381F78A69A00B84D53 /* MXTabBarConfig.m */; };
		4D5A31641F7391D200886100 /* AppDelegate.m in Sources */ = {isa = PBXBuildFile; fileRef = 4D5A31631F7391D200886100 /* AppDelegate.m */; };
		4D5A31671F7391D200886100 /* ViewController.m in Sources */ = {isa = PBXBuildFile; fileRef = 4D5A31661F7391D200886100 /* ViewController.m */; };
		4D5A316A1F7391D200886100 /* Main.storyboard in Resources */ = {isa = PBXBuildFile; fileRef = 4D5A31681F7391D200886100 /* Main.storyboard */; };
		4D5A316C1F7391D200886100 /* Assets.xcassets in Resources */ = {isa = PBXBuildFile; fileRef = 4D5A316B1F7391D200886100 /* Assets.xcassets */; };
		4D5A316F1F7391D200886100 /* LaunchScreen.storyboard in Resources */ = {isa = PBXBuildFile; fileRef = 4D5A316D1F7391D200886100 /* LaunchScreen.storyboard */; };
		4D5A31721F7391D200886100 /* main.m in Sources */ = {isa = PBXBuildFile; fileRef = 4D5A31711F7391D200886100 /* main.m */; };
		4D5A31B81F73985500886100 /* MXBaseTabBarController.m in Sources */ = {isa = PBXBuildFile; fileRef = 4D5A31B71F73985500886100 /* MXBaseTabBarController.m */; };
		4D5A31BB1F73989700886100 /* MXBaseViewController.m in Sources */ = {isa = PBXBuildFile; fileRef = 4D5A31BA1F73989700886100 /* MXBaseViewController.m */; };
		4D5A31BE1F7398B100886100 /* MXBaseNavigationController.m in Sources */ = {isa = PBXBuildFile; fileRef = 4D5A31BD1F7398B100886100 /* MXBaseNavigationController.m */; };
		4D5A31C31F739B0900886100 /* MXWebViewController.m in Sources */ = {isa = PBXBuildFile; fileRef = 4D5A31C21F739B0900886100 /* MXWebViewController.m */; };
		4D5A31DE1F73A99900886100 /* YSColorManager.m in Sources */ = {isa = PBXBuildFile; fileRef = 4D5A31C71F739C4700886100 /* YSColorManager.m */; };
		4D5A31DF1F73A99900886100 /* YSDimeManager.m in Sources */ = {isa = PBXBuildFile; fileRef = 4D5A31C91F739C4700886100 /* YSDimeManager.m */; };
		4D5A31E01F73A99900886100 /* YSFontManager.m in Sources */ = {isa = PBXBuildFile; fileRef = 4D5A31CB1F739C4700886100 /* YSFontManager.m */; };
		4D5A31E11F73A99900886100 /* YSImageManager.m in Sources */ = {isa = PBXBuildFile; fileRef = 4D5A31CD1F739C4700886100 /* YSImageManager.m */; };
		4D5A31E21F73A99900886100 /* YSRawManager.m in Sources */ = {isa = PBXBuildFile; fileRef = 4D5A31CF1F739C4700886100 /* YSRawManager.m */; };
		4D5A31E31F73A99900886100 /* YSResourceBase.m in Sources */ = {isa = PBXBuildFile; fileRef = 4D5A31D11F739C4700886100 /* YSResourceBase.m */; };
		4D5A31E41F73A99900886100 /* YSResourceManager.m in Sources */ = {isa = PBXBuildFile; fileRef = 4D5A31D31F739C4700886100 /* YSResourceManager.m */; };
		4D5A31E51F73A99900886100 /* YSStringManager.m in Sources */ = {isa = PBXBuildFile; fileRef = 4D5A31D51F739C4700886100 /* YSStringManager.m */; };
		4D5A31E61F73A99900886100 /* YSStyleManager.m in Sources */ = {isa = PBXBuildFile; fileRef = 4D5A31D71F739C4700886100 /* YSStyleManager.m */; };
		4DDD35591F73C6A200C4CD23 /* UIView+State.m in Sources */ = {isa = PBXBuildFile; fileRef = 4DDD35581F73C6A200C4CD23 /* UIView+State.m */; };
		4DDD35601F73CA0000C4CD23 /* LYBaseStateView.m in Sources */ = {isa = PBXBuildFile; fileRef = 4DDD355F1F73C8FD00C4CD23 /* LYBaseStateView.m */; };
		4DDD35611F73CA0000C4CD23 /* LYCommonImageTitleStateView.m in Sources */ = {isa = PBXBuildFile; fileRef = 4DDD355B1F73C8B200C4CD23 /* LYCommonImageTitleStateView.m */; };
		4DDD35621F73CA0000C4CD23 /* LYNetworkErrorView.m in Sources */ = {isa = PBXBuildFile; fileRef = 4DDD355D1F73C8B200C4CD23 /* LYNetworkErrorView.m */; };
		7AF2A7CFBEA2CC61A1A6001B /* Pods_MXBase.framework in Frameworks */ = {isa = PBXBuildFile; fileRef = 395F1B32BE912050F27A6E21 /* Pods_MXBase.framework */; };
/* End PBXBuildFile section */

/* Begin PBXFileReference section */
		395F1B32BE912050F27A6E21 /* Pods_MXBase.framework */ = {isa = PBXFileReference; explicitFileType = wrapper.framework; includeInIndex = 0; path = Pods_MXBase.framework; sourceTree = BUILT_PRODUCTS_DIR; };
		4D09CBC61F8B29A300C09BA6 /* test.plist */ = {isa = PBXFileReference; lastKnownFileType = text.plist.xml; path = test.plist; sourceTree = "<group>"; };
		4D09CBCA1F8B2A0A00C09BA6 /* hosts.json */ = {isa = PBXFileReference; lastKnownFileType = text.json; path = hosts.json; sourceTree = "<group>"; };
		4D09CBCB1F8B61B100C09BA6 /* Appearance.bundle */ = {isa = PBXFileReference; lastKnownFileType = "wrapper.plug-in"; path = Appearance.bundle; sourceTree = "<group>"; };
		4D2180281F75055B00B84D53 /* UINavigationController+FDFullscreenPopGesture.m */ = {isa = PBXFileReference; lastKnownFileType = sourcecode.c.objc; path = "UINavigationController+FDFullscreenPopGesture.m"; sourceTree = "<group>"; };
		4D2180291F75055B00B84D53 /* UINavigationController+FDFullscreenPopGesture.h */ = {isa = PBXFileReference; lastKnownFileType = sourcecode.c.h; path = "UINavigationController+FDFullscreenPopGesture.h"; sourceTree = "<group>"; };
		4D21802B1F75192A00B84D53 /* MXPanGuestureBackable.h */ = {isa = PBXFileReference; lastKnownFileType = sourcecode.c.h; path = MXPanGuestureBackable.h; sourceTree = "<group>"; };
		4D21802C1F789C5600B84D53 /* MXTestVC1.h */ = {isa = PBXFileReference; lastKnownFileType = sourcecode.c.h; path = MXTestVC1.h; sourceTree = "<group>"; };
		4D21802D1F789C5600B84D53 /* MXTestVC1.m */ = {isa = PBXFileReference; lastKnownFileType = sourcecode.c.objc; path = MXTestVC1.m; sourceTree = "<group>"; };
		4D2180311F78A69A00B84D53 /* MXAppearanceManager+UICommon.h */ = {isa = PBXFileReference; lastKnownFileType = sourcecode.c.h; path = "MXAppearanceManager+UICommon.h"; sourceTree = "<group>"; };
		4D2180321F78A69A00B84D53 /* MXAppearanceManager+UICommon.m */ = {isa = PBXFileReference; lastKnownFileType = sourcecode.c.objc; path = "MXAppearanceManager+UICommon.m"; sourceTree = "<group>"; };
		4D2180331F78A69A00B84D53 /* MXAppearanceManager.h */ = {isa = PBXFileReference; lastKnownFileType = sourcecode.c.h; path = MXAppearanceManager.h; sourceTree = "<group>"; };
		4D2180341F78A69A00B84D53 /* MXAppearanceManager.m */ = {isa = PBXFileReference; lastKnownFileType = sourcecode.c.objc; path = MXAppearanceManager.m; sourceTree = "<group>"; };
		4D2180351F78A69A00B84D53 /* MXNavigationBarConfig.h */ = {isa = PBXFileReference; lastKnownFileType = sourcecode.c.h; path = MXNavigationBarConfig.h; sourceTree = "<group>"; };
		4D2180361F78A69A00B84D53 /* MXNavigationBarConfig.m */ = {isa = PBXFileReference; lastKnownFileType = sourcecode.c.objc; path = MXNavigationBarConfig.m; sourceTree = "<group>"; };
		4D2180371F78A69A00B84D53 /* MXTabBarConfig.h */ = {isa = PBXFileReference; lastKnownFileType = sourcecode.c.h; path = MXTabBarConfig.h; sourceTree = "<group>"; };
		4D2180381F78A69A00B84D53 /* MXTabBarConfig.m */ = {isa = PBXFileReference; lastKnownFileType = sourcecode.c.objc; path = MXTabBarConfig.m; sourceTree = "<group>"; };
		4D2180711F78E1E400B84D53 /* MXJSHandler.m */ = {isa = PBXFileReference; lastKnownFileType = sourcecode.c.objc; path = MXJSHandler.m; sourceTree = "<group>"; };
		4D2180721F78E1E400B84D53 /* MXJSHandler.h */ = {isa = PBXFileReference; lastKnownFileType = sourcecode.c.h; path = MXJSHandler.h; sourceTree = "<group>"; };
		4D5A315F1F7391D200886100 /* MXBase.app */ = {isa = PBXFileReference; explicitFileType = wrapper.application; includeInIndex = 0; path = MXBase.app; sourceTree = BUILT_PRODUCTS_DIR; };
		4D5A31621F7391D200886100 /* AppDelegate.h */ = {isa = PBXFileReference; lastKnownFileType = sourcecode.c.h; path = AppDelegate.h; sourceTree = "<group>"; };
		4D5A31631F7391D200886100 /* AppDelegate.m */ = {isa = PBXFileReference; lastKnownFileType = sourcecode.c.objc; path = AppDelegate.m; sourceTree = "<group>"; };
		4D5A31651F7391D200886100 /* ViewController.h */ = {isa = PBXFileReference; lastKnownFileType = sourcecode.c.h; path = ViewController.h; sourceTree = "<group>"; };
		4D5A31661F7391D200886100 /* ViewController.m */ = {isa = PBXFileReference; lastKnownFileType = sourcecode.c.objc; path = ViewController.m; sourceTree = "<group>"; };
		4D5A31691F7391D200886100 /* Base */ = {isa = PBXFileReference; lastKnownFileType = file.storyboard; name = Base; path = Base.lproj/Main.storyboard; sourceTree = "<group>"; };
		4D5A316B1F7391D200886100 /* Assets.xcassets */ = {isa = PBXFileReference; lastKnownFileType = folder.assetcatalog; path = Assets.xcassets; sourceTree = "<group>"; };
		4D5A316E1F7391D200886100 /* Base */ = {isa = PBXFileReference; lastKnownFileType = file.storyboard; name = Base; path = Base.lproj/LaunchScreen.storyboard; sourceTree = "<group>"; };
		4D5A31701F7391D200886100 /* Info.plist */ = {isa = PBXFileReference; lastKnownFileType = text.plist.xml; path = Info.plist; sourceTree = "<group>"; };
		4D5A31711F7391D200886100 /* main.m */ = {isa = PBXFileReference; lastKnownFileType = sourcecode.c.objc; path = main.m; sourceTree = "<group>"; };
		4D5A31A41F73959800886100 /* .gitkeep */ = {isa = PBXFileReference; lastKnownFileType = text; path = .gitkeep; sourceTree = "<group>"; };
		4D5A31A61F73959800886100 /* .gitkeep */ = {isa = PBXFileReference; lastKnownFileType = text; path = .gitkeep; sourceTree = "<group>"; };
		4D5A31B61F73985500886100 /* MXBaseTabBarController.h */ = {isa = PBXFileReference; lastKnownFileType = sourcecode.c.h; path = MXBaseTabBarController.h; sourceTree = "<group>"; };
		4D5A31B71F73985500886100 /* MXBaseTabBarController.m */ = {isa = PBXFileReference; lastKnownFileType = sourcecode.c.objc; path = MXBaseTabBarController.m; sourceTree = "<group>"; };
		4D5A31B91F73989700886100 /* MXBaseViewController.h */ = {isa = PBXFileReference; lastKnownFileType = sourcecode.c.h; path = MXBaseViewController.h; sourceTree = "<group>"; };
		4D5A31BA1F73989700886100 /* MXBaseViewController.m */ = {isa = PBXFileReference; lastKnownFileType = sourcecode.c.objc; path = MXBaseViewController.m; sourceTree = "<group>"; };
		4D5A31BC1F7398B100886100 /* MXBaseNavigationController.h */ = {isa = PBXFileReference; lastKnownFileType = sourcecode.c.h; path = MXBaseNavigationController.h; sourceTree = "<group>"; };
		4D5A31BD1F7398B100886100 /* MXBaseNavigationController.m */ = {isa = PBXFileReference; lastKnownFileType = sourcecode.c.objc; path = MXBaseNavigationController.m; sourceTree = "<group>"; };
		4D5A31C11F739B0900886100 /* MXWebViewController.h */ = {isa = PBXFileReference; lastKnownFileType = sourcecode.c.h; path = MXWebViewController.h; sourceTree = "<group>"; };
		4D5A31C21F739B0900886100 /* MXWebViewController.m */ = {isa = PBXFileReference; lastKnownFileType = sourcecode.c.objc; path = MXWebViewController.m; sourceTree = "<group>"; };
		4D5A31C61F739C4700886100 /* YSColorManager.h */ = {isa = PBXFileReference; lastKnownFileType = sourcecode.c.h; path = YSColorManager.h; sourceTree = "<group>"; };
		4D5A31C71F739C4700886100 /* YSColorManager.m */ = {isa = PBXFileReference; lastKnownFileType = sourcecode.c.objc; path = YSColorManager.m; sourceTree = "<group>"; };
		4D5A31C81F739C4700886100 /* YSDimeManager.h */ = {isa = PBXFileReference; lastKnownFileType = sourcecode.c.h; path = YSDimeManager.h; sourceTree = "<group>"; };
		4D5A31C91F739C4700886100 /* YSDimeManager.m */ = {isa = PBXFileReference; lastKnownFileType = sourcecode.c.objc; path = YSDimeManager.m; sourceTree = "<group>"; };
		4D5A31CA1F739C4700886100 /* YSFontManager.h */ = {isa = PBXFileReference; lastKnownFileType = sourcecode.c.h; path = YSFontManager.h; sourceTree = "<group>"; };
		4D5A31CB1F739C4700886100 /* YSFontManager.m */ = {isa = PBXFileReference; lastKnownFileType = sourcecode.c.objc; path = YSFontManager.m; sourceTree = "<group>"; };
		4D5A31CC1F739C4700886100 /* YSImageManager.h */ = {isa = PBXFileReference; lastKnownFileType = sourcecode.c.h; path = YSImageManager.h; sourceTree = "<group>"; };
		4D5A31CD1F739C4700886100 /* YSImageManager.m */ = {isa = PBXFileReference; lastKnownFileType = sourcecode.c.objc; path = YSImageManager.m; sourceTree = "<group>"; };
		4D5A31CE1F739C4700886100 /* YSRawManager.h */ = {isa = PBXFileReference; lastKnownFileType = sourcecode.c.h; path = YSRawManager.h; sourceTree = "<group>"; };
		4D5A31CF1F739C4700886100 /* YSRawManager.m */ = {isa = PBXFileReference; lastKnownFileType = sourcecode.c.objc; path = YSRawManager.m; sourceTree = "<group>"; };
		4D5A31D01F739C4700886100 /* YSResourceBase.h */ = {isa = PBXFileReference; lastKnownFileType = sourcecode.c.h; path = YSResourceBase.h; sourceTree = "<group>"; };
		4D5A31D11F739C4700886100 /* YSResourceBase.m */ = {isa = PBXFileReference; lastKnownFileType = sourcecode.c.objc; path = YSResourceBase.m; sourceTree = "<group>"; };
		4D5A31D21F739C4700886100 /* YSResourceManager.h */ = {isa = PBXFileReference; lastKnownFileType = sourcecode.c.h; path = YSResourceManager.h; sourceTree = "<group>"; };
		4D5A31D31F739C4700886100 /* YSResourceManager.m */ = {isa = PBXFileReference; lastKnownFileType = sourcecode.c.objc; path = YSResourceManager.m; sourceTree = "<group>"; };
		4D5A31D41F739C4700886100 /* YSStringManager.h */ = {isa = PBXFileReference; lastKnownFileType = sourcecode.c.h; path = YSStringManager.h; sourceTree = "<group>"; };
		4D5A31D51F739C4700886100 /* YSStringManager.m */ = {isa = PBXFileReference; lastKnownFileType = sourcecode.c.objc; path = YSStringManager.m; sourceTree = "<group>"; };
		4D5A31D61F739C4700886100 /* YSStyleManager.h */ = {isa = PBXFileReference; lastKnownFileType = sourcecode.c.h; path = YSStyleManager.h; sourceTree = "<group>"; };
		4D5A31D71F739C4700886100 /* YSStyleManager.m */ = {isa = PBXFileReference; lastKnownFileType = sourcecode.c.objc; path = YSStyleManager.m; sourceTree = "<group>"; };
		4D5A31E81F73AB5D00886100 /* MXBaseResource.h */ = {isa = PBXFileReference; lastKnownFileType = sourcecode.c.h; path = MXBaseResource.h; sourceTree = "<group>"; };
		4D5A31F81F73B88A00886100 /* Categories.h */ = {isa = PBXFileReference; lastKnownFileType = sourcecode.c.h; path = Categories.h; sourceTree = "<group>"; };
		4DBA6F6E1FD7961800B0A0DF /* color.plist */ = {isa = PBXFileReference; lastKnownFileType = text.plist.xml; path = color.plist; sourceTree = "<group>"; };
		4DBA6F6F1FD7961800B0A0DF /* font.plist */ = {isa = PBXFileReference; lastKnownFileType = text.plist.xml; path = font.plist; sourceTree = "<group>"; };
		4DDD35571F73C6A200C4CD23 /* UIView+State.h */ = {isa = PBXFileReference; lastKnownFileType = sourcecode.c.h; path = "UIView+State.h"; sourceTree = "<group>"; };
		4DDD35581F73C6A200C4CD23 /* UIView+State.m */ = {isa = PBXFileReference; lastKnownFileType = sourcecode.c.objc; path = "UIView+State.m"; sourceTree = "<group>"; };
		4DDD355A1F73C8B200C4CD23 /* LYCommonImageTitleStateView.h */ = {isa = PBXFileReference; lastKnownFileType = sourcecode.c.h; path = LYCommonImageTitleStateView.h; sourceTree = "<group>"; };
		4DDD355B1F73C8B200C4CD23 /* LYCommonImageTitleStateView.m */ = {isa = PBXFileReference; lastKnownFileType = sourcecode.c.objc; path = LYCommonImageTitleStateView.m; sourceTree = "<group>"; };
		4DDD355C1F73C8B200C4CD23 /* LYNetworkErrorView.h */ = {isa = PBXFileReference; lastKnownFileType = sourcecode.c.h; path = LYNetworkErrorView.h; sourceTree = "<group>"; };
		4DDD355D1F73C8B200C4CD23 /* LYNetworkErrorView.m */ = {isa = PBXFileReference; lastKnownFileType = sourcecode.c.objc; path = LYNetworkErrorView.m; sourceTree = "<group>"; };
		4DDD355E1F73C8FD00C4CD23 /* LYBaseStateView.h */ = {isa = PBXFileReference; lastKnownFileType = sourcecode.c.h; path = LYBaseStateView.h; sourceTree = "<group>"; };
		4DDD355F1F73C8FD00C4CD23 /* LYBaseStateView.m */ = {isa = PBXFileReference; lastKnownFileType = sourcecode.c.objc; path = LYBaseStateView.m; sourceTree = "<group>"; };
		52603CF5D6E876DB4232D4F3 /* Pods-MXBase.release.xcconfig */ = {isa = PBXFileReference; includeInIndex = 1; lastKnownFileType = text.xcconfig; name = "Pods-MXBase.release.xcconfig"; path = "../Pods/Target Support Files/Pods-MXBase/Pods-MXBase.release.xcconfig"; sourceTree = "<group>"; };
		7D64254D0347CF2C0E5BDBAB /* Pods-MXBase.debug.xcconfig */ = {isa = PBXFileReference; includeInIndex = 1; lastKnownFileType = text.xcconfig; name = "Pods-MXBase.debug.xcconfig"; path = "../Pods/Target Support Files/Pods-MXBase/Pods-MXBase.debug.xcconfig"; sourceTree = "<group>"; };
/* End PBXFileReference section */

/* Begin PBXFrameworksBuildPhase section */
		4D5A315C1F7391D200886100 /* Frameworks */ = {
			isa = PBXFrameworksBuildPhase;
			buildActionMask = 2147483647;
			files = (
				7AF2A7CFBEA2CC61A1A6001B /* Pods_MXBase.framework in Frameworks */,
			);
			runOnlyForDeploymentPostprocessing = 0;
		};
/* End PBXFrameworksBuildPhase section */

/* Begin PBXGroup section */
		4D2180301F78A69A00B84D53 /* AppearanceConfig */ = {
			isa = PBXGroup;
			children = (
				4D2180311F78A69A00B84D53 /* MXAppearanceManager+UICommon.h */,
				4D2180321F78A69A00B84D53 /* MXAppearanceManager+UICommon.m */,
				4D2180331F78A69A00B84D53 /* MXAppearanceManager.h */,
				4D2180341F78A69A00B84D53 /* MXAppearanceManager.m */,
				4D2180351F78A69A00B84D53 /* MXNavigationBarConfig.h */,
				4D2180361F78A69A00B84D53 /* MXNavigationBarConfig.m */,
				4D2180371F78A69A00B84D53 /* MXTabBarConfig.h */,
				4D2180381F78A69A00B84D53 /* MXTabBarConfig.m */,
			);
			path = AppearanceConfig;
			sourceTree = "<group>";
		};
		4D21806E1F78E1AE00B84D53 /* BaseHandlers */ = {
			isa = PBXGroup;
			children = (
				4D2180721F78E1E400B84D53 /* MXJSHandler.h */,
				4D2180711F78E1E400B84D53 /* MXJSHandler.m */,
			);
			path = BaseHandlers;
			sourceTree = "<group>";
		};
		4D5A31561F7391D200886100 = {
			isa = PBXGroup;
			children = (
				4D5A31611F7391D200886100 /* MXBase */,
				4D5A31601F7391D200886100 /* Products */,
				B9EE975EF19E099E58618035 /* Pods */,
				6948890BE3D06F83AE3E05B1 /* Frameworks */,
			);
			sourceTree = "<group>";
		};
		4D5A31601F7391D200886100 /* Products */ = {
			isa = PBXGroup;
			children = (
				4D5A315F1F7391D200886100 /* MXBase.app */,
			);
			name = Products;
			sourceTree = "<group>";
		};
		4D5A31611F7391D200886100 /* MXBase */ = {
			isa = PBXGroup;
			children = (
				4D5A31A31F73959800886100 /* Assets */,
				4D5A31A51F73959800886100 /* Classes */,
				4D5A31BF1F7398CA00886100 /* System */,
			);
			path = MXBase;
			sourceTree = "<group>";
		};
		4D5A31A31F73959800886100 /* Assets */ = {
			isa = PBXGroup;
			children = (
				4D09CBCA1F8B2A0A00C09BA6 /* hosts.json */,
				4DBA6F6E1FD7961800B0A0DF /* color.plist */,
				4DBA6F6F1FD7961800B0A0DF /* font.plist */,
				4D5A31A41F73959800886100 /* .gitkeep */,
				4D09CBCB1F8B61B100C09BA6 /* Appearance.bundle */,
			);
			path = Assets;
			sourceTree = "<group>";
		};
		4D5A31A51F73959800886100 /* Classes */ = {
			isa = PBXGroup;
			children = (
				4D5A31A61F73959800886100 /* .gitkeep */,
				4D21806E1F78E1AE00B84D53 /* BaseHandlers */,
				4D5A31C41F739BAD00886100 /* Resources */,
				4D5A31C01F73990000886100 /* View */,
				4D5A31A71F73959800886100 /* FuncCategory */,
				4D5A31A81F73959800886100 /* Config */,
				4D5A31AA1F73959800886100 /* Controller */,
			);
			path = Classes;
			sourceTree = "<group>";
		};
		4D5A31A71F73959800886100 /* FuncCategory */ = {
			isa = PBXGroup;
			children = (
				4D5A31F81F73B88A00886100 /* Categories.h */,
				4D2180291F75055B00B84D53 /* UINavigationController+FDFullscreenPopGesture.h */,
				4D2180281F75055B00B84D53 /* UINavigationController+FDFullscreenPopGesture.m */,
				4DDD35571F73C6A200C4CD23 /* UIView+State.h */,
				4DDD35581F73C6A200C4CD23 /* UIView+State.m */,
			);
			path = FuncCategory;
			sourceTree = "<group>";
		};
		4D5A31A81F73959800886100 /* Config */ = {
			isa = PBXGroup;
			children = (
			);
			path = Config;
			sourceTree = "<group>";
		};
		4D5A31AA1F73959800886100 /* Controller */ = {
			isa = PBXGroup;
			children = (
				4D5A31B61F73985500886100 /* MXBaseTabBarController.h */,
				4D5A31B71F73985500886100 /* MXBaseTabBarController.m */,
				4D5A31B91F73989700886100 /* MXBaseViewController.h */,
				4D5A31BA1F73989700886100 /* MXBaseViewController.m */,
				4D5A31BC1F7398B100886100 /* MXBaseNavigationController.h */,
				4D5A31BD1F7398B100886100 /* MXBaseNavigationController.m */,
				4D5A31C11F739B0900886100 /* MXWebViewController.h */,
				4D5A31C21F739B0900886100 /* MXWebViewController.m */,
				4D21802B1F75192A00B84D53 /* MXPanGuestureBackable.h */,
			);
			path = Controller;
			sourceTree = "<group>";
		};
		4D5A31BF1F7398CA00886100 /* System */ = {
			isa = PBXGroup;
			children = (
				4D5A31651F7391D200886100 /* ViewController.h */,
				4D5A31661F7391D200886100 /* ViewController.m */,
				4D5A31681F7391D200886100 /* Main.storyboard */,
				4D5A316B1F7391D200886100 /* Assets.xcassets */,
				4D5A316D1F7391D200886100 /* LaunchScreen.storyboard */,
				4D5A31701F7391D200886100 /* Info.plist */,
				4D5A31711F7391D200886100 /* main.m */,
				4D5A31621F7391D200886100 /* AppDelegate.h */,
				4D5A31631F7391D200886100 /* AppDelegate.m */,
				4D21802C1F789C5600B84D53 /* MXTestVC1.h */,
				4D21802D1F789C5600B84D53 /* MXTestVC1.m */,
				4D09CBC61F8B29A300C09BA6 /* test.plist */,
			);
			path = System;
			sourceTree = "<group>";
		};
		4D5A31C01F73990000886100 /* View */ = {
			isa = PBXGroup;
			children = (
				4DDD355E1F73C8FD00C4CD23 /* LYBaseStateView.h */,
				4DDD355F1F73C8FD00C4CD23 /* LYBaseStateView.m */,
				4DDD355A1F73C8B200C4CD23 /* LYCommonImageTitleStateView.h */,
				4DDD355B1F73C8B200C4CD23 /* LYCommonImageTitleStateView.m */,
				4DDD355C1F73C8B200C4CD23 /* LYNetworkErrorView.h */,
				4DDD355D1F73C8B200C4CD23 /* LYNetworkErrorView.m */,
			);
			path = View;
			sourceTree = "<group>";
		};
		4D5A31C41F739BAD00886100 /* Resources */ = {
			isa = PBXGroup;
			children = (
				4D5A31E81F73AB5D00886100 /* MXBaseResource.h */,
				4D2180301F78A69A00B84D53 /* AppearanceConfig */,
				4D5A31C51F739C4700886100 /* ResourceManager */,
			);
			path = Resources;
			sourceTree = "<group>";
		};
		4D5A31C51F739C4700886100 /* ResourceManager */ = {
			isa = PBXGroup;
			children = (
				4D5A31C61F739C4700886100 /* YSColorManager.h */,
				4D5A31C71F739C4700886100 /* YSColorManager.m */,
				4D5A31C81F739C4700886100 /* YSDimeManager.h */,
				4D5A31C91F739C4700886100 /* YSDimeManager.m */,
				4D5A31CA1F739C4700886100 /* YSFontManager.h */,
				4D5A31CB1F739C4700886100 /* YSFontManager.m */,
				4D5A31CC1F739C4700886100 /* YSImageManager.h */,
				4D5A31CD1F739C4700886100 /* YSImageManager.m */,
				4D5A31CE1F739C4700886100 /* YSRawManager.h */,
				4D5A31CF1F739C4700886100 /* YSRawManager.m */,
				4D5A31D01F739C4700886100 /* YSResourceBase.h */,
				4D5A31D11F739C4700886100 /* YSResourceBase.m */,
				4D5A31D21F739C4700886100 /* YSResourceManager.h */,
				4D5A31D31F739C4700886100 /* YSResourceManager.m */,
				4D5A31D41F739C4700886100 /* YSStringManager.h */,
				4D5A31D51F739C4700886100 /* YSStringManager.m */,
				4D5A31D61F739C4700886100 /* YSStyleManager.h */,
				4D5A31D71F739C4700886100 /* YSStyleManager.m */,
			);
			path = ResourceManager;
			sourceTree = "<group>";
		};
		6948890BE3D06F83AE3E05B1 /* Frameworks */ = {
			isa = PBXGroup;
			children = (
				395F1B32BE912050F27A6E21 /* Pods_MXBase.framework */,
			);
			name = Frameworks;
			sourceTree = "<group>";
		};
		B9EE975EF19E099E58618035 /* Pods */ = {
			isa = PBXGroup;
			children = (
				7D64254D0347CF2C0E5BDBAB /* Pods-MXBase.debug.xcconfig */,
				52603CF5D6E876DB4232D4F3 /* Pods-MXBase.release.xcconfig */,
			);
			name = Pods;
			sourceTree = "<group>";
		};
/* End PBXGroup section */

/* Begin PBXNativeTarget section */
		4D5A315E1F7391D200886100 /* MXBase */ = {
			isa = PBXNativeTarget;
			buildConfigurationList = 4D5A31751F7391D200886100 /* Build configuration list for PBXNativeTarget "MXBase" */;
			buildPhases = (
				E70713D160A649AF1472C408 /* [CP] Check Pods Manifest.lock */,
				4D5A315B1F7391D200886100 /* Sources */,
				4D5A315C1F7391D200886100 /* Frameworks */,
				4D5A315D1F7391D200886100 /* Resources */,
				D49794BB85C9F4EA368F7C75 /* [CP] Embed Pods Frameworks */,
				F8A29FBFEF03EFDAEF626EDC /* [CP] Copy Pods Resources */,
			);
			buildRules = (
			);
			dependencies = (
			);
			name = MXBase;
			productName = MXBase;
			productReference = 4D5A315F1F7391D200886100 /* MXBase.app */;
			productType = "com.apple.product-type.application";
		};
/* End PBXNativeTarget section */

/* Begin PBXProject section */
		4D5A31571F7391D200886100 /* Project object */ = {
			isa = PBXProject;
			attributes = {
				CLASSPREFIX = MX;
				LastUpgradeCheck = 0900;
				ORGANIZATIONNAME = maRk;
				TargetAttributes = {
					4D5A315E1F7391D200886100 = {
						CreatedOnToolsVersion = 9.0;
						ProvisioningStyle = Automatic;
					};
				};
			};
			buildConfigurationList = 4D5A315A1F7391D200886100 /* Build configuration list for PBXProject "MXBase" */;
			compatibilityVersion = "Xcode 8.0";
			developmentRegion = en;
			hasScannedForEncodings = 0;
			knownRegions = (
				en,
				Base,
			);
			mainGroup = 4D5A31561F7391D200886100;
			productRefGroup = 4D5A31601F7391D200886100 /* Products */;
			projectDirPath = "";
			projectRoot = "";
			targets = (
				4D5A315E1F7391D200886100 /* MXBase */,
			);
		};
/* End PBXProject section */

/* Begin PBXResourcesBuildPhase section */
		4D5A315D1F7391D200886100 /* Resources */ = {
			isa = PBXResourcesBuildPhase;
			buildActionMask = 2147483647;
			files = (
				4D09CBC71F8B29A300C09BA6 /* test.plist in Resources */,
				4D5A316F1F7391D200886100 /* LaunchScreen.storyboard in Resources */,
				4D09CBCC1F8B61B100C09BA6 /* Appearance.bundle in Resources */,
				4D5A316C1F7391D200886100 /* Assets.xcassets in Resources */,
				4D5A316A1F7391D200886100 /* Main.storyboard in Resources */,
			);
			runOnlyForDeploymentPostprocessing = 0;
		};
/* End PBXResourcesBuildPhase section */

/* Begin PBXShellScriptBuildPhase section */
		D49794BB85C9F4EA368F7C75 /* [CP] Embed Pods Frameworks */ = {
			isa = PBXShellScriptBuildPhase;
			buildActionMask = 2147483647;
			files = (
			);
			inputPaths = (
				"${SRCROOT}/../Pods/Target Support Files/Pods-MXBase/Pods-MXBase-frameworks.sh",
				"${BUILT_PRODUCTS_DIR}/MXBaseUtils/MXBaseUtils.framework",
				"${BUILT_PRODUCTS_DIR}/MXModuleConnector/MXModuleConnector.framework",
				"${BUILT_PRODUCTS_DIR}/Masonry/Masonry.framework",
			);
			name = "[CP] Embed Pods Frameworks";
			outputPaths = (
				"${TARGET_BUILD_DIR}/${FRAMEWORKS_FOLDER_PATH}/MXBaseUtils.framework",
				"${TARGET_BUILD_DIR}/${FRAMEWORKS_FOLDER_PATH}/MXModuleConnector.framework",
				"${TARGET_BUILD_DIR}/${FRAMEWORKS_FOLDER_PATH}/Masonry.framework",
			);
			runOnlyForDeploymentPostprocessing = 0;
			shellPath = /bin/sh;
			shellScript = "\"${SRCROOT}/../Pods/Target Support Files/Pods-MXBase/Pods-MXBase-frameworks.sh\"\n";
			showEnvVarsInLog = 0;
		};
		E70713D160A649AF1472C408 /* [CP] Check Pods Manifest.lock */ = {
			isa = PBXShellScriptBuildPhase;
			buildActionMask = 2147483647;
			files = (
			);
			inputPaths = (
				"${PODS_PODFILE_DIR_PATH}/Podfile.lock",
				"${PODS_ROOT}/Manifest.lock",
			);
			name = "[CP] Check Pods Manifest.lock";
			outputPaths = (
				"$(DERIVED_FILE_DIR)/Pods-MXBase-checkManifestLockResult.txt",
			);
			runOnlyForDeploymentPostprocessing = 0;
			shellPath = /bin/sh;
			shellScript = "diff \"${PODS_PODFILE_DIR_PATH}/Podfile.lock\" \"${PODS_ROOT}/Manifest.lock\" > /dev/null\nif [ $? != 0 ] ; then\n    # print error to STDERR\n    echo \"error: The sandbox is not in sync with the Podfile.lock. Run 'pod install' or update your CocoaPods installation.\" >&2\n    exit 1\nfi\n# This output is used by Xcode 'outputs' to avoid re-running this script phase.\necho \"SUCCESS\" > \"${SCRIPT_OUTPUT_FILE_0}\"\n";
			showEnvVarsInLog = 0;
		};
		F8A29FBFEF03EFDAEF626EDC /* [CP] Copy Pods Resources */ = {
			isa = PBXShellScriptBuildPhase;
			buildActionMask = 2147483647;
			files = (
			);
			inputPaths = (
			);
			name = "[CP] Copy Pods Resources";
			outputPaths = (
			);
			runOnlyForDeploymentPostprocessing = 0;
			shellPath = /bin/sh;
			shellScript = "\"${SRCROOT}/../Pods/Target Support Files/Pods-MXBase/Pods-MXBase-resources.sh\"\n";
			showEnvVarsInLog = 0;
		};
/* End PBXShellScriptBuildPhase section */

/* Begin PBXSourcesBuildPhase section */
		4D5A315B1F7391D200886100 /* Sources */ = {
			isa = PBXSourcesBuildPhase;
			buildActionMask = 2147483647;
			files = (
				4D2180621F78AC9A00B84D53 /* MXAppearanceManager+UICommon.m in Sources */,
				4D2180631F78AC9A00B84D53 /* MXAppearanceManager.m in Sources */,
				4D2180641F78AC9A00B84D53 /* MXNavigationBarConfig.m in Sources */,
				4D2180651F78AC9A00B84D53 /* MXTabBarConfig.m in Sources */,
				4DDD35601F73CA0000C4CD23 /* LYBaseStateView.m in Sources */,
				4DDD35611F73CA0000C4CD23 /* LYCommonImageTitleStateView.m in Sources */,
				4D21802A1F75055B00B84D53 /* UINavigationController+FDFullscreenPopGesture.m in Sources */,
				4DDD35621F73CA0000C4CD23 /* LYNetworkErrorView.m in Sources */,
				4D21802E1F789C5600B84D53 /* MXTestVC1.m in Sources */,
				4D5A31DE1F73A99900886100 /* YSColorManager.m in Sources */,
				4D5A31DF1F73A99900886100 /* YSDimeManager.m in Sources */,
				4D5A31E01F73A99900886100 /* YSFontManager.m in Sources */,
				4D5A31E11F73A99900886100 /* YSImageManager.m in Sources */,
				4D5A31E21F73A99900886100 /* YSRawManager.m in Sources */,
				4D5A31E31F73A99900886100 /* YSResourceBase.m in Sources */,
				4DDD35591F73C6A200C4CD23 /* UIView+State.m in Sources */,
				4D5A31E41F73A99900886100 /* YSResourceManager.m in Sources */,
				4D5A31E51F73A99900886100 /* YSStringManager.m in Sources */,
				4D5A31E61F73A99900886100 /* YSStyleManager.m in Sources */,
				4D5A31671F7391D200886100 /* ViewController.m in Sources */,
				4D5A31721F7391D200886100 /* main.m in Sources */,
				4D5A31641F7391D200886100 /* AppDelegate.m in Sources */,
				4D5A31C31F739B0900886100 /* MXWebViewController.m in Sources */,
				4D5A31BB1F73989700886100 /* MXBaseViewController.m in Sources */,
				4D5A31B81F73985500886100 /* MXBaseTabBarController.m in Sources */,
				4D5A31BE1F7398B100886100 /* MXBaseNavigationController.m in Sources */,
			);
			runOnlyForDeploymentPostprocessing = 0;
		};
/* End PBXSourcesBuildPhase section */

/* Begin PBXVariantGroup section */
		4D5A31681F7391D200886100 /* Main.storyboard */ = {
			isa = PBXVariantGroup;
			children = (
				4D5A31691F7391D200886100 /* Base */,
			);
			name = Main.storyboard;
			sourceTree = "<group>";
		};
		4D5A316D1F7391D200886100 /* LaunchScreen.storyboard */ = {
			isa = PBXVariantGroup;
			children = (
				4D5A316E1F7391D200886100 /* Base */,
			);
			name = LaunchScreen.storyboard;
			sourceTree = "<group>";
		};
/* End PBXVariantGroup section */

/* Begin XCBuildConfiguration section */
		4D5A31731F7391D200886100 /* Debug */ = {
			isa = XCBuildConfiguration;
			buildSettings = {
				ALWAYS_SEARCH_USER_PATHS = NO;
				CLANG_ANALYZER_NONNULL = YES;
				CLANG_ANALYZER_NUMBER_OBJECT_CONVERSION = YES_AGGRESSIVE;
				CLANG_CXX_LANGUAGE_STANDARD = "gnu++14";
				CLANG_CXX_LIBRARY = "libc++";
				CLANG_ENABLE_MODULES = YES;
				CLANG_ENABLE_OBJC_ARC = YES;
				CLANG_WARN_BLOCK_CAPTURE_AUTORELEASING = YES;
				CLANG_WARN_BOOL_CONVERSION = YES;
				CLANG_WARN_COMMA = YES;
				CLANG_WARN_CONSTANT_CONVERSION = YES;
				CLANG_WARN_DIRECT_OBJC_ISA_USAGE = YES_ERROR;
				CLANG_WARN_DOCUMENTATION_COMMENTS = YES;
				CLANG_WARN_EMPTY_BODY = YES;
				CLANG_WARN_ENUM_CONVERSION = YES;
				CLANG_WARN_INFINITE_RECURSION = YES;
				CLANG_WARN_INT_CONVERSION = YES;
				CLANG_WARN_NON_LITERAL_NULL_CONVERSION = YES;
				CLANG_WARN_OBJC_LITERAL_CONVERSION = YES;
				CLANG_WARN_OBJC_ROOT_CLASS = YES_ERROR;
				CLANG_WARN_RANGE_LOOP_ANALYSIS = YES;
				CLANG_WARN_STRICT_PROTOTYPES = YES;
				CLANG_WARN_SUSPICIOUS_MOVE = YES;
				CLANG_WARN_UNGUARDED_AVAILABILITY = YES_AGGRESSIVE;
				CLANG_WARN_UNREACHABLE_CODE = YES;
				CLANG_WARN__DUPLICATE_METHOD_MATCH = YES;
				CODE_SIGN_IDENTITY = "iPhone Developer";
				COPY_PHASE_STRIP = NO;
				DEBUG_INFORMATION_FORMAT = dwarf;
				ENABLE_STRICT_OBJC_MSGSEND = YES;
				ENABLE_TESTABILITY = YES;
				GCC_C_LANGUAGE_STANDARD = gnu11;
				GCC_DYNAMIC_NO_PIC = NO;
				GCC_NO_COMMON_BLOCKS = YES;
				GCC_OPTIMIZATION_LEVEL = 0;
				GCC_PREPROCESSOR_DEFINITIONS = (
					"DEBUG=1",
					"$(inherited)",
				);
				GCC_WARN_64_TO_32_BIT_CONVERSION = YES;
				GCC_WARN_ABOUT_RETURN_TYPE = YES_ERROR;
				GCC_WARN_UNDECLARED_SELECTOR = YES;
				GCC_WARN_UNINITIALIZED_AUTOS = YES_AGGRESSIVE;
				GCC_WARN_UNUSED_FUNCTION = YES;
				GCC_WARN_UNUSED_VARIABLE = YES;
				IPHONEOS_DEPLOYMENT_TARGET = 11.0;
				MTL_ENABLE_DEBUG_INFO = YES;
				ONLY_ACTIVE_ARCH = YES;
				SDKROOT = iphoneos;
			};
			name = Debug;
		};
		4D5A31741F7391D200886100 /* Release */ = {
			isa = XCBuildConfiguration;
			buildSettings = {
				ALWAYS_SEARCH_USER_PATHS = NO;
				CLANG_ANALYZER_NONNULL = YES;
				CLANG_ANALYZER_NUMBER_OBJECT_CONVERSION = YES_AGGRESSIVE;
				CLANG_CXX_LANGUAGE_STANDARD = "gnu++14";
				CLANG_CXX_LIBRARY = "libc++";
				CLANG_ENABLE_MODULES = YES;
				CLANG_ENABLE_OBJC_ARC = YES;
				CLANG_WARN_BLOCK_CAPTURE_AUTORELEASING = YES;
				CLANG_WARN_BOOL_CONVERSION = YES;
				CLANG_WARN_COMMA = YES;
				CLANG_WARN_CONSTANT_CONVERSION = YES;
				CLANG_WARN_DIRECT_OBJC_ISA_USAGE = YES_ERROR;
				CLANG_WARN_DOCUMENTATION_COMMENTS = YES;
				CLANG_WARN_EMPTY_BODY = YES;
				CLANG_WARN_ENUM_CONVERSION = YES;
				CLANG_WARN_INFINITE_RECURSION = YES;
				CLANG_WARN_INT_CONVERSION = YES;
				CLANG_WARN_NON_LITERAL_NULL_CONVERSION = YES;
				CLANG_WARN_OBJC_LITERAL_CONVERSION = YES;
				CLANG_WARN_OBJC_ROOT_CLASS = YES_ERROR;
				CLANG_WARN_RANGE_LOOP_ANALYSIS = YES;
				CLANG_WARN_STRICT_PROTOTYPES = YES;
				CLANG_WARN_SUSPICIOUS_MOVE = YES;
				CLANG_WARN_UNGUARDED_AVAILABILITY = YES_AGGRESSIVE;
				CLANG_WARN_UNREACHABLE_CODE = YES;
				CLANG_WARN__DUPLICATE_METHOD_MATCH = YES;
				CODE_SIGN_IDENTITY = "iPhone Developer";
				COPY_PHASE_STRIP = NO;
				DEBUG_INFORMATION_FORMAT = "dwarf-with-dsym";
				ENABLE_NS_ASSERTIONS = NO;
				ENABLE_STRICT_OBJC_MSGSEND = YES;
				GCC_C_LANGUAGE_STANDARD = gnu11;
				GCC_NO_COMMON_BLOCKS = YES;
				GCC_WARN_64_TO_32_BIT_CONVERSION = YES;
				GCC_WARN_ABOUT_RETURN_TYPE = YES_ERROR;
				GCC_WARN_UNDECLARED_SELECTOR = YES;
				GCC_WARN_UNINITIALIZED_AUTOS = YES_AGGRESSIVE;
				GCC_WARN_UNUSED_FUNCTION = YES;
				GCC_WARN_UNUSED_VARIABLE = YES;
				IPHONEOS_DEPLOYMENT_TARGET = 11.0;
				MTL_ENABLE_DEBUG_INFO = NO;
				SDKROOT = iphoneos;
				VALIDATE_PRODUCT = YES;
			};
			name = Release;
		};
		4D5A31761F7391D200886100 /* Debug */ = {
			isa = XCBuildConfiguration;
			baseConfigurationReference = 7D64254D0347CF2C0E5BDBAB /* Pods-MXBase.debug.xcconfig */;
			buildSettings = {
				ASSETCATALOG_COMPILER_APPICON_NAME = AppIcon;
				CODE_SIGN_IDENTITY = "iPhone Developer: Wang Zong (T2LAUPP44Z)";
				"CODE_SIGN_IDENTITY[sdk=iphoneos*]" = "iPhone Developer: Wang Zong (T2LAUPP44Z)";
				CODE_SIGN_STYLE = Automatic;
				DEVELOPMENT_TEAM = RGFQAX73E5;
				INFOPLIST_FILE = "$(SRCROOT)/MXBase/System/Info.plist";
				LD_RUNPATH_SEARCH_PATHS = "$(inherited) @executable_path/Frameworks";
				PRODUCT_BUNDLE_IDENTIFIER = com.max1ao.mxwb.MXBase;
				PRODUCT_NAME = "$(TARGET_NAME)";
				PROVISIONING_PROFILE = "";
				PROVISIONING_PROFILE_SPECIFIER = "";
				TARGETED_DEVICE_FAMILY = 1;
			};
			name = Debug;
		};
		4D5A31771F7391D200886100 /* Release */ = {
			isa = XCBuildConfiguration;
			baseConfigurationReference = 52603CF5D6E876DB4232D4F3 /* Pods-MXBase.release.xcconfig */;
			buildSettings = {
				ASSETCATALOG_COMPILER_APPICON_NAME = AppIcon;
				CODE_SIGN_IDENTITY = "iPhone Developer: Wang Zong (T2LAUPP44Z)";
				"CODE_SIGN_IDENTITY[sdk=iphoneos*]" = "iPhone Developer: Wang Zong (T2LAUPP44Z)";
				CODE_SIGN_STYLE = Automatic;
				DEVELOPMENT_TEAM = RGFQAX73E5;
				INFOPLIST_FILE = "$(SRCROOT)/MXBase/System/Info.plist";
				LD_RUNPATH_SEARCH_PATHS = "$(inherited) @executable_path/Frameworks";
				PRODUCT_BUNDLE_IDENTIFIER = com.max1ao.mxwb.MXBase;
				PRODUCT_NAME = "$(TARGET_NAME)";
				PROVISIONING_PROFILE_SPECIFIER = "";
				TARGETED_DEVICE_FAMILY = 1;
			};
			name = Release;
		};
/* End XCBuildConfiguration section */

/* Begin XCConfigurationList section */
		4D5A315A1F7391D200886100 /* Build configuration list for PBXProject "MXBase" */ = {
			isa = XCConfigurationList;
			buildConfigurations = (
				4D5A31731F7391D200886100 /* Debug */,
				4D5A31741F7391D200886100 /* Release */,
			);
			defaultConfigurationIsVisible = 0;
			defaultConfigurationName = Release;
		};
		4D5A31751F7391D200886100 /* Build configuration list for PBXNativeTarget "MXBase" */ = {
			isa = XCConfigurationList;
			buildConfigurations = (
				4D5A31761F7391D200886100 /* Debug */,
				4D5A31771F7391D200886100 /* Release */,
			);
			defaultConfigurationIsVisible = 0;
			defaultConfigurationName = Release;
		};
/* End XCConfigurationList section */
	};
	rootObject = 4D5A31571F7391D200886100 /* Project object */;
}
